<?xml version="1.0" encoding="utf-8"?>
<Project ToolsVersion="4.0" xmlns="http://schemas.microsoft.com/developer/msbuild/2003">
  <ItemGroup>
    <Filter Include="Source">
      <UniqueIdentifier>{54d83fb8-d7c0-4db4-ac78-3ebb15ac2a86}</UniqueIdentifier>
    </Filter>
    <Filter Include="Data">
      <UniqueIdentifier>{6fe35d7a-76f6-4a1d-8a8b-f44761ee7ad6}</UniqueIdentifier>
    </Filter>
  </ItemGroup>
  <ItemGroup>
    <ClCompile Include="Source\CommonApplicationCommandLine.cpp">
      <Filter>Source</Filter>
    </ClCompile>
    <ClCompile Include="Source\CommonComponentFileMap.cpp">
      <Filter>Source</Filter>
    </ClCompile>
    <ClCompile Include="Source\CommonDag.cpp">
      <Filter>Source</Filter>
    </ClCompile>
    <ClCompile Include="Source\CommonFileSystem.cpp">
      <Filter>Source</Filter>
    </ClCompile>
    <ClCompile Include="Source\CommonLog.cpp">
      <Filter>Source</Filter>
    </ClCompile>
    <ClCompile Include="Source\CommonUtilUtf8.cpp">
      <Filter>Source</Filter>
    </ClCompile>
    <ClCompile Include="Source\CommonWorkerCollection.cpp">
      <Filter>Source</Filter>
    </ClCompile>
    <ClCompile Include="Source\CommonWorkerJobFinished.cpp">
      <Filter>Source</Filter>
    </ClCompile>
    <ClCompile Include="Source\CommonWorkerTask.cpp">
      <Filter>Source</Filter>
    </ClCompile>
    <ClCompile Include="Source\UnitTestGeneral.cpp">
      <Filter>Source</Filter>
    </ClCompile>
    <ClCompile Include="Source\UnitTestPCH.cpp">
      <Filter>Source</Filter>
    </ClCompile>
    <ClCompile Include="Source\FreeTypeApi.cpp">
      <Filter>Source</Filter>
    </ClCompile>
    <ClCompile Include="Source\HarfBuzzApi.cpp">
      <Filter>Source</Filter>
    </ClCompile>
    <ClCompile Include="Source\LanguageLambdaSmartpointer.cpp">
      <Filter>Source</Filter>
    </ClCompile>
    <ClCompile Include="Source\CommonDag2.cpp">
      <Filter>Source</Filter>
    </ClCompile>
    <ClCompile Include="Source\CommonPathFinderPathTile.cpp">
      <Filter>Source</Filter>
    </ClCompile>
  </ItemGroup>
  <ItemGroup>
    <ClInclude Include="Source\UnitTestPCH.h">
      <Filter>Source</Filter>
    </ClInclude>
  </ItemGroup>
  <ItemGroup>
    <CopyFileToFolders Include="Data\OpenSans.ttf">
      <Filter>Data</Filter>
    </CopyFileToFolders>
  </ItemGroup>
</Project>