<?xml version="1.0" encoding="utf-8"?>
<Project ToolsVersion="4.0" xmlns="http://schemas.microsoft.com/developer/msbuild/2003">
  <ItemGroup>
    <Filter Include="Source">
      <UniqueIdentifier>{4ecf19ca-4047-4e67-bb3c-757e88673275}</UniqueIdentifier>
    </Filter>
  </ItemGroup>
  <ItemGroup>
    <ClCompile Include="Source\UnitTestPCH.cpp">
      <Filter>Source</Filter>
    </ClCompile>
    <ClCompile Include="Source\CommonUtilUtf8.cpp">
      <Filter>Source</Filter>
    </ClCompile>
    <ClCompile Include="Source\CommonApplicationCommandLine.cpp">
      <Filter>Source</Filter>
    </ClCompile>
    <ClCompile Include="Source\CommonLog.cpp">
      <Filter>Source</Filter>
    </ClCompile>
    <ClCompile Include="Source\CommonFileSystem.cpp">
      <Filter>Source</Filter>
    </ClCompile>
    <ClCompile Include="Source\CommonDag.cpp">
      <Filter>Source</Filter>
    </ClCompile>
    <ClCompile Include="Source\CommonWorkerCollection.cpp">
      <Filter>Source</Filter>
    </ClCompile>
    <ClCompile Include="Source\CommonWorkerTask.cpp">
      <Filter>Source</Filter>
    </ClCompile>
    <ClCompile Include="Source\UnitTestGeneral.cpp">
      <Filter>Source</Filter>
    </ClCompile>
    <ClCompile Include="Source\CommonComponentFileMap.cpp">
      <Filter>Source</Filter>
    </ClCompile>
    <ClCompile Include="Source\CommonWorkerJobFinished.cpp">
      <Filter>Source</Filter>
    </ClCompile>
  </ItemGroup>
  <ItemGroup>
    <ClInclude Include="Source\UnitTestPCH.h">
      <Filter>Source</Filter>
    </ClInclude>
  </ItemGroup>
  <ItemGroup>
    <None Include="UnitTest01.props" />
  </ItemGroup>
</Project>