<?xml version="1.0" encoding="utf-8"?>
<Project ToolsVersion="4.0" xmlns="http://schemas.microsoft.com/developer/msbuild/2003">
  <ItemGroup>
    <Filter Include="Props">
      <UniqueIdentifier>{b8495a78-76c3-4960-9723-1c9713c1c4b9}</UniqueIdentifier>
    </Filter>
    <Filter Include="Source">
      <UniqueIdentifier>{e51b3a04-7e10-40dc-8f83-928a5c99f307}</UniqueIdentifier>
    </Filter>
    <Filter Include="Script">
      <UniqueIdentifier>{251025ba-0929-4245-84c8-de481526a6b5}</UniqueIdentifier>
    </Filter>
    <Filter Include="Resources">
      <UniqueIdentifier>{a217fd68-01c9-41ae-8acd-36897b45e594}</UniqueIdentifier>
    </Filter>
    <Filter Include="Task">
      <UniqueIdentifier>{be4fca30-039d-4b85-acd0-ca2293dd5fa2}</UniqueIdentifier>
    </Filter>
    <Filter Include="Task\Empty">
      <UniqueIdentifier>{693aa219-a527-4dea-96e0-4c92b77dfc85}</UniqueIdentifier>
    </Filter>
    <Filter Include="Task\TestTriangle">
      <UniqueIdentifier>{209b1046-1d98-4f1f-ab43-daa9740cdf3c}</UniqueIdentifier>
    </Filter>
    <Filter Include="Task\TestTexture">
      <UniqueIdentifier>{6b9500cc-3862-440c-a3bb-666ce56222c6}</UniqueIdentifier>
    </Filter>
    <Filter Include="Task\MultipleEmptyWindow">
      <UniqueIdentifier>{e4e09c1f-e4c1-4008-9385-dbeb7669ee32}</UniqueIdentifier>
    </Filter>
  </ItemGroup>
  <ItemGroup>
    <None Include="Props\Application02.props">
      <Filter>Props</Filter>
    </None>
    <None Include="Script\util_make_build_description.cmd">
      <Filter>Script</Filter>
    </None>
    <None Include="Script\util_make_build_version.cmd">
      <Filter>Script</Filter>
    </None>
    <None Include="Script\util_make_host_define.cmd">
      <Filter>Script</Filter>
    </None>
    <None Include="Script\util_make_resource.cmd">
      <Filter>Script</Filter>
    </None>
    <None Include="Script\util_search_replace.cmd">
      <Filter>Script</Filter>
    </None>
    <None Include="Script\prebuild.cmd">
      <Filter>Script</Filter>
    </None>
    <None Include="Script\util_make_build_date.cmd">
      <Filter>Script</Filter>
    </None>
    <None Include="Script\copy_last_write_time.ps1">
      <Filter>Script</Filter>
    </None>
    <None Include="Script\replace_if_different.ps1">
      <Filter>Script</Filter>
    </None>
    <None Include="Resources\Application02.rc.template">
      <Filter>Resources</Filter>
    </None>
    <None Include="Script\update_version_if_hash_change.ps1">
      <Filter>Script</Filter>
    </None>
  </ItemGroup>
  <ItemGroup>
    <ResourceCompile Include="Resources\Application02.rc">
      <Filter>Resources</Filter>
    </ResourceCompile>
  </ItemGroup>
  <ItemGroup>
    <ClCompile Include="Source\ApplicationPCH.cpp">
      <Filter>Source</Filter>
    </ClCompile>
    <ClCompile Include="Source\Build.cpp">
      <Filter>Source</Filter>
    </ClCompile>
    <ClCompile Include="Source\Main.cpp">
      <Filter>Source</Filter>
    </ClCompile>
  </ItemGroup>
  <ItemGroup>
    <ClInclude Include="Source\ApplicationPCH.h">
      <Filter>Source</Filter>
    </ClInclude>
    <ClInclude Include="Source\Build.h">
      <Filter>Source</Filter>
    </ClInclude>
    <ClInclude Include="Source\HostDefine.h">
      <Filter>Source</Filter>
    </ClInclude>
    <ClInclude Include="Resources\resource.h">
      <Filter>Resources</Filter>
    </ClInclude>
  </ItemGroup>
  <ItemGroup>
    <CopyFileToFolders Include="Task\Empty\Application.json">
      <Filter>Task\Empty</Filter>
    </CopyFileToFolders>
    <CopyFileToFolders Include="Task\TestTriangle\Application.json">
      <Filter>Task\TestTriangle</Filter>
    </CopyFileToFolders>
    <CopyFileToFolders Include="Task\TestTexture\Application.json">
      <Filter>Task\TestTexture</Filter>
    </CopyFileToFolders>
    <CopyFileToFolders Include="Task\MultipleEmptyWindow\Application.json">
      <Filter>Task\MultipleEmptyWindow</Filter>
    </CopyFileToFolders>
  </ItemGroup>
  <ItemGroup>
    <FxCompile Include="Task\TestTriangle\PixelShader.hlsl">
      <Filter>Task\TestTriangle</Filter>
    </FxCompile>
    <FxCompile Include="Task\TestTriangle\VertexShader.hlsl">
      <Filter>Task\TestTriangle</Filter>
    </FxCompile>
    <FxCompile Include="Task\TestTexture\PixelShader.hlsl">
      <Filter>Task\TestTexture</Filter>
    </FxCompile>
    <FxCompile Include="Task\TestTexture\VertexShader.hlsl">
      <Filter>Task\TestTexture</Filter>
    </FxCompile>
  </ItemGroup>
  <ItemGroup>
    <Image Include="Resources\cut.ico">
      <Filter>Resources</Filter>
    </Image>
  </ItemGroup>
</Project>